// !$*UTF8*$!
{
	archiveVersion = 1;
	classes = {
	};
	objectVersion = 50;
	objects = {

/* Begin PBXBuildFile section */
		4FA3323A0632AFCEE87C05EB /* Pods_SampleApp.framework in Frameworks */ = {isa = PBXBuildFile; fileRef = 82130BEBF32983D0E99E801B /* Pods_SampleApp.framework */; };
		7E7EA4723D4310FD419ED334 /* Pods_SampleApp_SampleAppUITests.framework in Frameworks */ = {isa = PBXBuildFile; fileRef = ADE3DA8892029EEC8420FFFC /* Pods_SampleApp_SampleAppUITests.framework */; };
		AA36B79F25F16C13007C3F23 /* AppDelegate.swift in Sources */ = {isa = PBXBuildFile; fileRef = AA36B79E25F16C13007C3F23 /* AppDelegate.swift */; };
		AA36B7A125F16C13007C3F23 /* SceneDelegate.swift in Sources */ = {isa = PBXBuildFile; fileRef = AA36B7A025F16C13007C3F23 /* SceneDelegate.swift */; };
		AA36B7A325F16C13007C3F23 /* ViewController.swift in Sources */ = {isa = PBXBuildFile; fileRef = AA36B7A225F16C13007C3F23 /* ViewController.swift */; };
		AA36B7A625F16C13007C3F23 /* Main.storyboard in Resources */ = {isa = PBXBuildFile; fileRef = AA36B7A425F16C13007C3F23 /* Main.storyboard */; };
		AA36B7A925F16C13007C3F23 /* SampleApp.xcdatamodeld in Sources */ = {isa = PBXBuildFile; fileRef = AA36B7A725F16C13007C3F23 /* SampleApp.xcdatamodeld */; };
		AA36B7AB25F16C15007C3F23 /* Assets.xcassets in Resources */ = {isa = PBXBuildFile; fileRef = AA36B7AA25F16C15007C3F23 /* Assets.xcassets */; };
		AA36B7AE25F16C15007C3F23 /* LaunchScreen.storyboard in Resources */ = {isa = PBXBuildFile; fileRef = AA36B7AC25F16C15007C3F23 /* LaunchScreen.storyboard */; };
		AA36B7B925F16C15007C3F23 /* SampleAppTests.swift in Sources */ = {isa = PBXBuildFile; fileRef = AA36B7B825F16C15007C3F23 /* SampleAppTests.swift */; };
		AA36B7C425F16C15007C3F23 /* SampleAppUITests.swift in Sources */ = {isa = PBXBuildFile; fileRef = AA36B7C325F16C15007C3F23 /* SampleAppUITests.swift */; };
		C2D1E84D23339B7324348007 /* Pods_SampleAppTests.framework in Frameworks */ = {isa = PBXBuildFile; fileRef = 0C712294744DBC9C2BDE9A65 /* Pods_SampleAppTests.framework */; };
/* End PBXBuildFile section */

/* Begin PBXContainerItemProxy section */
		AA36B7B525F16C15007C3F23 /* PBXContainerItemProxy */ = {
			isa = PBXContainerItemProxy;
			containerPortal = AA36B79325F16C13007C3F23 /* Project object */;
			proxyType = 1;
			remoteGlobalIDString = AA36B79A25F16C13007C3F23;
			remoteInfo = SampleApp;
		};
		AA36B7C025F16C15007C3F23 /* PBXContainerItemProxy */ = {
			isa = PBXContainerItemProxy;
			containerPortal = AA36B79325F16C13007C3F23 /* Project object */;
			proxyType = 1;
			remoteGlobalIDString = AA36B79A25F16C13007C3F23;
			remoteInfo = SampleApp;
		};
/* End PBXContainerItemProxy section */

/* Begin PBXFileReference section */
		0C712294744DBC9C2BDE9A65 /* Pods_SampleAppTests.framework */ = {isa = PBXFileReference; explicitFileType = wrapper.framework; includeInIndex = 0; path = Pods_SampleAppTests.framework; sourceTree = BUILT_PRODUCTS_DIR; };
		25C856965054A0D6A42232D8 /* Pods-SampleApp-SampleAppUITests.debug.xcconfig */ = {isa = PBXFileReference; includeInIndex = 1; lastKnownFileType = text.xcconfig; name = "Pods-SampleApp-SampleAppUITests.debug.xcconfig"; path = "Target Support Files/Pods-SampleApp-SampleAppUITests/Pods-SampleApp-SampleAppUITests.debug.xcconfig"; sourceTree = "<group>"; };
		579B63957E3C079C30831108 /* Pods-SampleAppTests.release.xcconfig */ = {isa = PBXFileReference; includeInIndex = 1; lastKnownFileType = text.xcconfig; name = "Pods-SampleAppTests.release.xcconfig"; path = "Target Support Files/Pods-SampleAppTests/Pods-SampleAppTests.release.xcconfig"; sourceTree = "<group>"; };
		7BD25BB25CF1D43BA1F62324 /* Pods-SampleApp.release.xcconfig */ = {isa = PBXFileReference; includeInIndex = 1; lastKnownFileType = text.xcconfig; name = "Pods-SampleApp.release.xcconfig"; path = "Target Support Files/Pods-SampleApp/Pods-SampleApp.release.xcconfig"; sourceTree = "<group>"; };
		82130BEBF32983D0E99E801B /* Pods_SampleApp.framework */ = {isa = PBXFileReference; explicitFileType = wrapper.framework; includeInIndex = 0; path = Pods_SampleApp.framework; sourceTree = BUILT_PRODUCTS_DIR; };
		AA36B79B25F16C13007C3F23 /* SampleApp.app */ = {isa = PBXFileReference; explicitFileType = wrapper.application; includeInIndex = 0; path = SampleApp.app; sourceTree = BUILT_PRODUCTS_DIR; };
		AA36B79E25F16C13007C3F23 /* AppDelegate.swift */ = {isa = PBXFileReference; lastKnownFileType = sourcecode.swift; path = AppDelegate.swift; sourceTree = "<group>"; };
		AA36B7A025F16C13007C3F23 /* SceneDelegate.swift */ = {isa = PBXFileReference; lastKnownFileType = sourcecode.swift; path = SceneDelegate.swift; sourceTree = "<group>"; };
		AA36B7A225F16C13007C3F23 /* ViewController.swift */ = {isa = PBXFileReference; lastKnownFileType = sourcecode.swift; path = ViewController.swift; sourceTree = "<group>"; };
		AA36B7A525F16C13007C3F23 /* Base */ = {isa = PBXFileReference; lastKnownFileType = file.storyboard; name = Base; path = Base.lproj/Main.storyboard; sourceTree = "<group>"; };
		AA36B7A825F16C13007C3F23 /* SampleApp.xcdatamodel */ = {isa = PBXFileReference; lastKnownFileType = wrapper.xcdatamodel; path = SampleApp.xcdatamodel; sourceTree = "<group>"; };
		AA36B7AA25F16C15007C3F23 /* Assets.xcassets */ = {isa = PBXFileReference; lastKnownFileType = folder.assetcatalog; path = Assets.xcassets; sourceTree = "<group>"; };
		AA36B7AD25F16C15007C3F23 /* Base */ = {isa = PBXFileReference; lastKnownFileType = file.storyboard; name = Base; path = Base.lproj/LaunchScreen.storyboard; sourceTree = "<group>"; };
		AA36B7AF25F16C15007C3F23 /* Info.plist */ = {isa = PBXFileReference; lastKnownFileType = text.plist.xml; path = Info.plist; sourceTree = "<group>"; };
		AA36B7B425F16C15007C3F23 /* SampleAppTests.xctest */ = {isa = PBXFileReference; explicitFileType = wrapper.cfbundle; includeInIndex = 0; path = SampleAppTests.xctest; sourceTree = BUILT_PRODUCTS_DIR; };
		AA36B7B825F16C15007C3F23 /* SampleAppTests.swift */ = {isa = PBXFileReference; lastKnownFileType = sourcecode.swift; path = SampleAppTests.swift; sourceTree = "<group>"; };
		AA36B7BA25F16C15007C3F23 /* Info.plist */ = {isa = PBXFileReference; lastKnownFileType = text.plist.xml; path = Info.plist; sourceTree = "<group>"; };
		AA36B7BF25F16C15007C3F23 /* SampleAppUITests.xctest */ = {isa = PBXFileReference; explicitFileType = wrapper.cfbundle; includeInIndex = 0; path = SampleAppUITests.xctest; sourceTree = BUILT_PRODUCTS_DIR; };
		AA36B7C325F16C15007C3F23 /* SampleAppUITests.swift */ = {isa = PBXFileReference; lastKnownFileType = sourcecode.swift; path = SampleAppUITests.swift; sourceTree = "<group>"; };
		AA36B7C525F16C15007C3F23 /* Info.plist */ = {isa = PBXFileReference; lastKnownFileType = text.plist.xml; path = Info.plist; sourceTree = "<group>"; };
		AA49B9943D9E375CA7F69BDA /* Pods-SampleApp-SampleAppUITests.release.xcconfig */ = {isa = PBXFileReference; includeInIndex = 1; lastKnownFileType = text.xcconfig; name = "Pods-SampleApp-SampleAppUITests.release.xcconfig"; path = "Target Support Files/Pods-SampleApp-SampleAppUITests/Pods-SampleApp-SampleAppUITests.release.xcconfig"; sourceTree = "<group>"; };
		AB9A8A3225FA4F246446336D /* Pods-SampleAppTests.debug.xcconfig */ = {isa = PBXFileReference; includeInIndex = 1; lastKnownFileType = text.xcconfig; name = "Pods-SampleAppTests.debug.xcconfig"; path = "Target Support Files/Pods-SampleAppTests/Pods-SampleAppTests.debug.xcconfig"; sourceTree = "<group>"; };
		ADE3DA8892029EEC8420FFFC /* Pods_SampleApp_SampleAppUITests.framework */ = {isa = PBXFileReference; explicitFileType = wrapper.framework; includeInIndex = 0; path = Pods_SampleApp_SampleAppUITests.framework; sourceTree = BUILT_PRODUCTS_DIR; };
		B3FF60C3B0A41967FDC0D12F /* Pods-SampleApp.debug.xcconfig */ = {isa = PBXFileReference; includeInIndex = 1; lastKnownFileType = text.xcconfig; name = "Pods-SampleApp.debug.xcconfig"; path = "Target Support Files/Pods-SampleApp/Pods-SampleApp.debug.xcconfig"; sourceTree = "<group>"; };
/* End PBXFileReference section */

/* Begin PBXFrameworksBuildPhase section */
		AA36B79825F16C13007C3F23 /* Frameworks */ = {
			isa = PBXFrameworksBuildPhase;
			buildActionMask = 2147483647;
			files = (
				4FA3323A0632AFCEE87C05EB /* Pods_SampleApp.framework in Frameworks */,
			);
			runOnlyForDeploymentPostprocessing = 0;
		};
		AA36B7B125F16C15007C3F23 /* Frameworks */ = {
			isa = PBXFrameworksBuildPhase;
			buildActionMask = 2147483647;
			files = (
				C2D1E84D23339B7324348007 /* Pods_SampleAppTests.framework in Frameworks */,
			);
			runOnlyForDeploymentPostprocessing = 0;
		};
		AA36B7BC25F16C15007C3F23 /* Frameworks */ = {
			isa = PBXFrameworksBuildPhase;
			buildActionMask = 2147483647;
			files = (
				7E7EA4723D4310FD419ED334 /* Pods_SampleApp_SampleAppUITests.framework in Frameworks */,
			);
			runOnlyForDeploymentPostprocessing = 0;
		};
/* End PBXFrameworksBuildPhase section */

/* Begin PBXGroup section */
		AA36B79225F16C13007C3F23 = {
			isa = PBXGroup;
			children = (
				AA36B79D25F16C13007C3F23 /* SampleApp */,
				AA36B7B725F16C15007C3F23 /* SampleAppTests */,
				AA36B7C225F16C15007C3F23 /* SampleAppUITests */,
				AA36B79C25F16C13007C3F23 /* Products */,
				EC88C7CFF69E17BEAD113C6D /* Pods */,
				F337DA2A670F5D6CCF84E4EC /* Frameworks */,
			);
			sourceTree = "<group>";
		};
		AA36B79C25F16C13007C3F23 /* Products */ = {
			isa = PBXGroup;
			children = (
				AA36B79B25F16C13007C3F23 /* SampleApp.app */,
				AA36B7B425F16C15007C3F23 /* SampleAppTests.xctest */,
				AA36B7BF25F16C15007C3F23 /* SampleAppUITests.xctest */,
			);
			name = Products;
			sourceTree = "<group>";
		};
		AA36B79D25F16C13007C3F23 /* SampleApp */ = {
			isa = PBXGroup;
			children = (
				AA36B79E25F16C13007C3F23 /* AppDelegate.swift */,
				AA36B7A025F16C13007C3F23 /* SceneDelegate.swift */,
				AA36B7A225F16C13007C3F23 /* ViewController.swift */,
				AA36B7A425F16C13007C3F23 /* Main.storyboard */,
				AA36B7AA25F16C15007C3F23 /* Assets.xcassets */,
				AA36B7AC25F16C15007C3F23 /* LaunchScreen.storyboard */,
				AA36B7AF25F16C15007C3F23 /* Info.plist */,
				AA36B7A725F16C13007C3F23 /* SampleApp.xcdatamodeld */,
			);
			path = SampleApp;
			sourceTree = "<group>";
		};
		AA36B7B725F16C15007C3F23 /* SampleAppTests */ = {
			isa = PBXGroup;
			children = (
				AA36B7B825F16C15007C3F23 /* SampleAppTests.swift */,
				AA36B7BA25F16C15007C3F23 /* Info.plist */,
			);
			path = SampleAppTests;
			sourceTree = "<group>";
		};
		AA36B7C225F16C15007C3F23 /* SampleAppUITests */ = {
			isa = PBXGroup;
			children = (
				AA36B7C325F16C15007C3F23 /* SampleAppUITests.swift */,
				AA36B7C525F16C15007C3F23 /* Info.plist */,
			);
			path = SampleAppUITests;
			sourceTree = "<group>";
		};
		EC88C7CFF69E17BEAD113C6D /* Pods */ = {
			isa = PBXGroup;
			children = (
				B3FF60C3B0A41967FDC0D12F /* Pods-SampleApp.debug.xcconfig */,
				7BD25BB25CF1D43BA1F62324 /* Pods-SampleApp.release.xcconfig */,
				25C856965054A0D6A42232D8 /* Pods-SampleApp-SampleAppUITests.debug.xcconfig */,
				AA49B9943D9E375CA7F69BDA /* Pods-SampleApp-SampleAppUITests.release.xcconfig */,
				AB9A8A3225FA4F246446336D /* Pods-SampleAppTests.debug.xcconfig */,
				579B63957E3C079C30831108 /* Pods-SampleAppTests.release.xcconfig */,
			);
			name = Pods;
			path = Pods;
			sourceTree = "<group>";
		};
		F337DA2A670F5D6CCF84E4EC /* Frameworks */ = {
			isa = PBXGroup;
			children = (
				82130BEBF32983D0E99E801B /* Pods_SampleApp.framework */,
				ADE3DA8892029EEC8420FFFC /* Pods_SampleApp_SampleAppUITests.framework */,
				0C712294744DBC9C2BDE9A65 /* Pods_SampleAppTests.framework */,
			);
			name = Frameworks;
			sourceTree = "<group>";
		};
/* End PBXGroup section */

/* Begin PBXNativeTarget section */
		AA36B79A25F16C13007C3F23 /* SampleApp */ = {
			isa = PBXNativeTarget;
			buildConfigurationList = AA36B7C825F16C15007C3F23 /* Build configuration list for PBXNativeTarget "SampleApp" */;
			buildPhases = (
				7199FAA4AC93F6989D8F0D40 /* [CP] Check Pods Manifest.lock */,
				AA36B79725F16C13007C3F23 /* Sources */,
				AA36B79825F16C13007C3F23 /* Frameworks */,
				AA36B79925F16C13007C3F23 /* Resources */,
				790CE510B7E9B6692B2B37F9 /* [CP] Embed Pods Frameworks */,
			);
			buildRules = (
			);
			dependencies = (
			);
			name = SampleApp;
			productName = SampleApp;
			productReference = AA36B79B25F16C13007C3F23 /* SampleApp.app */;
			productType = "com.apple.product-type.application";
		};
		AA36B7B325F16C15007C3F23 /* SampleAppTests */ = {
			isa = PBXNativeTarget;
			buildConfigurationList = AA36B7CB25F16C15007C3F23 /* Build configuration list for PBXNativeTarget "SampleAppTests" */;
			buildPhases = (
				681576DBFD014E5E06D4A486 /* [CP] Check Pods Manifest.lock */,
				AA36B7B025F16C15007C3F23 /* Sources */,
				AA36B7B125F16C15007C3F23 /* Frameworks */,
				AA36B7B225F16C15007C3F23 /* Resources */,
			);
			buildRules = (
			);
			dependencies = (
				AA36B7B625F16C15007C3F23 /* PBXTargetDependency */,
			);
			name = SampleAppTests;
			productName = SampleAppTests;
			productReference = AA36B7B425F16C15007C3F23 /* SampleAppTests.xctest */;
			productType = "com.apple.product-type.bundle.unit-test";
		};
		AA36B7BE25F16C15007C3F23 /* SampleAppUITests */ = {
			isa = PBXNativeTarget;
			buildConfigurationList = AA36B7CE25F16C15007C3F23 /* Build configuration list for PBXNativeTarget "SampleAppUITests" */;
			buildPhases = (
				FA63C9D103EF47944637376F /* [CP] Check Pods Manifest.lock */,
				AA36B7BB25F16C15007C3F23 /* Sources */,
				AA36B7BC25F16C15007C3F23 /* Frameworks */,
				AA36B7BD25F16C15007C3F23 /* Resources */,
				28174ED113D32569CB702B8A /* [CP] Embed Pods Frameworks */,
			);
			buildRules = (
			);
			dependencies = (
				AA36B7C125F16C15007C3F23 /* PBXTargetDependency */,
			);
			name = SampleAppUITests;
			productName = SampleAppUITests;
			productReference = AA36B7BF25F16C15007C3F23 /* SampleAppUITests.xctest */;
			productType = "com.apple.product-type.bundle.ui-testing";
		};
/* End PBXNativeTarget section */

/* Begin PBXProject section */
		AA36B79325F16C13007C3F23 /* Project object */ = {
			isa = PBXProject;
			attributes = {
				LastSwiftUpdateCheck = 1240;
				LastUpgradeCheck = 1240;
				TargetAttributes = {
					AA36B79A25F16C13007C3F23 = {
						CreatedOnToolsVersion = 12.4;
					};
					AA36B7B325F16C15007C3F23 = {
						CreatedOnToolsVersion = 12.4;
						TestTargetID = AA36B79A25F16C13007C3F23;
					};
					AA36B7BE25F16C15007C3F23 = {
						CreatedOnToolsVersion = 12.4;
						TestTargetID = AA36B79A25F16C13007C3F23;
					};
				};
			};
			buildConfigurationList = AA36B79625F16C13007C3F23 /* Build configuration list for PBXProject "SampleApp" */;
			compatibilityVersion = "Xcode 9.3";
			developmentRegion = en;
			hasScannedForEncodings = 0;
			knownRegions = (
				en,
				Base,
			);
			mainGroup = AA36B79225F16C13007C3F23;
			productRefGroup = AA36B79C25F16C13007C3F23 /* Products */;
			projectDirPath = "";
			projectRoot = "";
			targets = (
				AA36B79A25F16C13007C3F23 /* SampleApp */,
				AA36B7B325F16C15007C3F23 /* SampleAppTests */,
				AA36B7BE25F16C15007C3F23 /* SampleAppUITests */,
			);
		};
/* End PBXProject section */

/* Begin PBXResourcesBuildPhase section */
		AA36B79925F16C13007C3F23 /* Resources */ = {
			isa = PBXResourcesBuildPhase;
			buildActionMask = 2147483647;
			files = (
				AA36B7AE25F16C15007C3F23 /* LaunchScreen.storyboard in Resources */,
				AA36B7AB25F16C15007C3F23 /* Assets.xcassets in Resources */,
				AA36B7A625F16C13007C3F23 /* Main.storyboard in Resources */,
			);
			runOnlyForDeploymentPostprocessing = 0;
		};
		AA36B7B225F16C15007C3F23 /* Resources */ = {
			isa = PBXResourcesBuildPhase;
			buildActionMask = 2147483647;
			files = (
			);
			runOnlyForDeploymentPostprocessing = 0;
		};
		AA36B7BD25F16C15007C3F23 /* Resources */ = {
			isa = PBXResourcesBuildPhase;
			buildActionMask = 2147483647;
			files = (
			);
			runOnlyForDeploymentPostprocessing = 0;
		};
/* End PBXResourcesBuildPhase section */

/* Begin PBXShellScriptBuildPhase section */
		28174ED113D32569CB702B8A /* [CP] Embed Pods Frameworks */ = {
			isa = PBXShellScriptBuildPhase;
			buildActionMask = 2147483647;
			files = (
			);
			inputFileListPaths = (
				"${PODS_ROOT}/Target Support Files/Pods-SampleApp-SampleAppUITests/Pods-SampleApp-SampleAppUITests-frameworks-${CONFIGURATION}-input-files.xcfilelist",
			);
			name = "[CP] Embed Pods Frameworks";
			outputFileListPaths = (
				"${PODS_ROOT}/Target Support Files/Pods-SampleApp-SampleAppUITests/Pods-SampleApp-SampleAppUITests-frameworks-${CONFIGURATION}-output-files.xcfilelist",
			);
			runOnlyForDeploymentPostprocessing = 0;
			shellPath = /bin/sh;
			shellScript = "\"${PODS_ROOT}/Target Support Files/Pods-SampleApp-SampleAppUITests/Pods-SampleApp-SampleAppUITests-frameworks.sh\"\n";
			showEnvVarsInLog = 0;
		};
		681576DBFD014E5E06D4A486 /* [CP] Check Pods Manifest.lock */ = {
			isa = PBXShellScriptBuildPhase;
			buildActionMask = 2147483647;
			files = (
			);
			inputFileListPaths = (
			);
			inputPaths = (
				"${PODS_PODFILE_DIR_PATH}/Podfile.lock",
				"${PODS_ROOT}/Manifest.lock",
			);
			name = "[CP] Check Pods Manifest.lock";
			outputFileListPaths = (
			);
			outputPaths = (
				"$(DERIVED_FILE_DIR)/Pods-SampleAppTests-checkManifestLockResult.txt",
			);
			runOnlyForDeploymentPostprocessing = 0;
			shellPath = /bin/sh;
			shellScript = "diff \"${PODS_PODFILE_DIR_PATH}/Podfile.lock\" \"${PODS_ROOT}/Manifest.lock\" > /dev/null\nif [ $? != 0 ] ; then\n    # print error to STDERR\n    echo \"error: The sandbox is not in sync with the Podfile.lock. Run 'pod install' or update your CocoaPods installation.\" >&2\n    exit 1\nfi\n# This output is used by Xcode 'outputs' to avoid re-running this script phase.\necho \"SUCCESS\" > \"${SCRIPT_OUTPUT_FILE_0}\"\n";
			showEnvVarsInLog = 0;
		};
		7199FAA4AC93F6989D8F0D40 /* [CP] Check Pods Manifest.lock */ = {
			isa = PBXShellScriptBuildPhase;
			buildActionMask = 2147483647;
			files = (
			);
			inputFileListPaths = (
			);
			inputPaths = (
				"${PODS_PODFILE_DIR_PATH}/Podfile.lock",
				"${PODS_ROOT}/Manifest.lock",
			);
			name = "[CP] Check Pods Manifest.lock";
			outputFileListPaths = (
			);
			outputPaths = (
				"$(DERIVED_FILE_DIR)/Pods-SampleApp-checkManifestLockResult.txt",
			);
			runOnlyForDeploymentPostprocessing = 0;
			shellPath = /bin/sh;
			shellScript = "diff \"${PODS_PODFILE_DIR_PATH}/Podfile.lock\" \"${PODS_ROOT}/Manifest.lock\" > /dev/null\nif [ $? != 0 ] ; then\n    # print error to STDERR\n    echo \"error: The sandbox is not in sync with the Podfile.lock. Run 'pod install' or update your CocoaPods installation.\" >&2\n    exit 1\nfi\n# This output is used by Xcode 'outputs' to avoid re-running this script phase.\necho \"SUCCESS\" > \"${SCRIPT_OUTPUT_FILE_0}\"\n";
			showEnvVarsInLog = 0;
		};
		790CE510B7E9B6692B2B37F9 /* [CP] Embed Pods Frameworks */ = {
			isa = PBXShellScriptBuildPhase;
			buildActionMask = 2147483647;
			files = (
			);
			inputFileListPaths = (
				"${PODS_ROOT}/Target Support Files/Pods-SampleApp/Pods-SampleApp-frameworks-${CONFIGURATION}-input-files.xcfilelist",
			);
			name = "[CP] Embed Pods Frameworks";
			outputFileListPaths = (
				"${PODS_ROOT}/Target Support Files/Pods-SampleApp/Pods-SampleApp-frameworks-${CONFIGURATION}-output-files.xcfilelist",
			);
			runOnlyForDeploymentPostprocessing = 0;
			shellPath = /bin/sh;
			shellScript = "\"${PODS_ROOT}/Target Support Files/Pods-SampleApp/Pods-SampleApp-frameworks.sh\"\n";
			showEnvVarsInLog = 0;
		};
		FA63C9D103EF47944637376F /* [CP] Check Pods Manifest.lock */ = {
			isa = PBXShellScriptBuildPhase;
			buildActionMask = 2147483647;
			files = (
			);
			inputFileListPaths = (
			);
			inputPaths = (
				"${PODS_PODFILE_DIR_PATH}/Podfile.lock",
				"${PODS_ROOT}/Manifest.lock",
			);
			name = "[CP] Check Pods Manifest.lock";
			outputFileListPaths = (
			);
			outputPaths = (
				"$(DERIVED_FILE_DIR)/Pods-SampleApp-SampleAppUITests-checkManifestLockResult.txt",
			);
			runOnlyForDeploymentPostprocessing = 0;
			shellPath = /bin/sh;
			shellScript = "diff \"${PODS_PODFILE_DIR_PATH}/Podfile.lock\" \"${PODS_ROOT}/Manifest.lock\" > /dev/null\nif [ $? != 0 ] ; then\n    # print error to STDERR\n    echo \"error: The sandbox is not in sync with the Podfile.lock. Run 'pod install' or update your CocoaPods installation.\" >&2\n    exit 1\nfi\n# This output is used by Xcode 'outputs' to avoid re-running this script phase.\necho \"SUCCESS\" > \"${SCRIPT_OUTPUT_FILE_0}\"\n";
			showEnvVarsInLog = 0;
		};
/* End PBXShellScriptBuildPhase section */

/* Begin PBXSourcesBuildPhase section */
		AA36B79725F16C13007C3F23 /* Sources */ = {
			isa = PBXSourcesBuildPhase;
			buildActionMask = 2147483647;
			files = (
				AA36B7A325F16C13007C3F23 /* ViewController.swift in Sources */,
				AA36B7A925F16C13007C3F23 /* SampleApp.xcdatamodeld in Sources */,
				AA36B79F25F16C13007C3F23 /* AppDelegate.swift in Sources */,
				AA36B7A125F16C13007C3F23 /* SceneDelegate.swift in Sources */,
			);
			runOnlyForDeploymentPostprocessing = 0;
		};
		AA36B7B025F16C15007C3F23 /* Sources */ = {
			isa = PBXSourcesBuildPhase;
			buildActionMask = 2147483647;
			files = (
				AA36B7B925F16C15007C3F23 /* SampleAppTests.swift in Sources */,
			);
			runOnlyForDeploymentPostprocessing = 0;
		};
		AA36B7BB25F16C15007C3F23 /* Sources */ = {
			isa = PBXSourcesBuildPhase;
			buildActionMask = 2147483647;
			files = (
				AA36B7C425F16C15007C3F23 /* SampleAppUITests.swift in Sources */,
			);
			runOnlyForDeploymentPostprocessing = 0;
		};
/* End PBXSourcesBuildPhase section */

/* Begin PBXTargetDependency section */
		AA36B7B625F16C15007C3F23 /* PBXTargetDependency */ = {
			isa = PBXTargetDependency;
			target = AA36B79A25F16C13007C3F23 /* SampleApp */;
			targetProxy = AA36B7B525F16C15007C3F23 /* PBXContainerItemProxy */;
		};
		AA36B7C125F16C15007C3F23 /* PBXTargetDependency */ = {
			isa = PBXTargetDependency;
			target = AA36B79A25F16C13007C3F23 /* SampleApp */;
			targetProxy = AA36B7C025F16C15007C3F23 /* PBXContainerItemProxy */;
		};
/* End PBXTargetDependency section */

/* Begin PBXVariantGroup section */
		AA36B7A425F16C13007C3F23 /* Main.storyboard */ = {
			isa = PBXVariantGroup;
			children = (
				AA36B7A525F16C13007C3F23 /* Base */,
			);
			name = Main.storyboard;
			sourceTree = "<group>";
		};
		AA36B7AC25F16C15007C3F23 /* LaunchScreen.storyboard */ = {
			isa = PBXVariantGroup;
			children = (
				AA36B7AD25F16C15007C3F23 /* Base */,
			);
			name = LaunchScreen.storyboard;
			sourceTree = "<group>";
		};
/* End PBXVariantGroup section */

/* Begin XCBuildConfiguration section */
		AA36B7C625F16C15007C3F23 /* Debug */ = {
			isa = XCBuildConfiguration;
			buildSettings = {
				ALWAYS_SEARCH_USER_PATHS = NO;
				CLANG_ANALYZER_NONNULL = YES;
				CLANG_ANALYZER_NUMBER_OBJECT_CONVERSION = YES_AGGRESSIVE;
				CLANG_CXX_LANGUAGE_STANDARD = "gnu++14";
				CLANG_CXX_LIBRARY = "libc++";
				CLANG_ENABLE_MODULES = YES;
				CLANG_ENABLE_OBJC_ARC = YES;
				CLANG_ENABLE_OBJC_WEAK = YES;
				CLANG_WARN_BLOCK_CAPTURE_AUTORELEASING = YES;
				CLANG_WARN_BOOL_CONVERSION = YES;
				CLANG_WARN_COMMA = YES;
				CLANG_WARN_CONSTANT_CONVERSION = YES;
				CLANG_WARN_DEPRECATED_OBJC_IMPLEMENTATIONS = YES;
				CLANG_WARN_DIRECT_OBJC_ISA_USAGE = YES_ERROR;
				CLANG_WARN_DOCUMENTATION_COMMENTS = YES;
				CLANG_WARN_EMPTY_BODY = YES;
				CLANG_WARN_ENUM_CONVERSION = YES;
				CLANG_WARN_INFINITE_RECURSION = YES;
				CLANG_WARN_INT_CONVERSION = YES;
				CLANG_WARN_NON_LITERAL_NULL_CONVERSION = YES;
				CLANG_WARN_OBJC_IMPLICIT_RETAIN_SELF = YES;
				CLANG_WARN_OBJC_LITERAL_CONVERSION = YES;
				CLANG_WARN_OBJC_ROOT_CLASS = YES_ERROR;
				CLANG_WARN_QUOTED_INCLUDE_IN_FRAMEWORK_HEADER = YES;
				CLANG_WARN_RANGE_LOOP_ANALYSIS = YES;
				CLANG_WARN_STRICT_PROTOTYPES = YES;
				CLANG_WARN_SUSPICIOUS_MOVE = YES;
				CLANG_WARN_UNGUARDED_AVAILABILITY = YES_AGGRESSIVE;
				CLANG_WARN_UNREACHABLE_CODE = YES;
				CLANG_WARN__DUPLICATE_METHOD_MATCH = YES;
				COPY_PHASE_STRIP = NO;
				DEBUG_INFORMATION_FORMAT = dwarf;
				ENABLE_STRICT_OBJC_MSGSEND = YES;
				ENABLE_TESTABILITY = YES;
				GCC_C_LANGUAGE_STANDARD = gnu11;
				GCC_DYNAMIC_NO_PIC = NO;
				GCC_NO_COMMON_BLOCKS = YES;
				GCC_OPTIMIZATION_LEVEL = 0;
				GCC_PREPROCESSOR_DEFINITIONS = (
					"DEBUG=1",
					"$(inherited)",
				);
				GCC_WARN_64_TO_32_BIT_CONVERSION = YES;
				GCC_WARN_ABOUT_RETURN_TYPE = YES_ERROR;
				GCC_WARN_UNDECLARED_SELECTOR = YES;
				GCC_WARN_UNINITIALIZED_AUTOS = YES_AGGRESSIVE;
				GCC_WARN_UNUSED_FUNCTION = YES;
				GCC_WARN_UNUSED_VARIABLE = YES;
				IPHONEOS_DEPLOYMENT_TARGET = 13.0;
				MTL_ENABLE_DEBUG_INFO = INCLUDE_SOURCE;
				MTL_FAST_MATH = YES;
				ONLY_ACTIVE_ARCH = YES;
				SDKROOT = iphoneos;
				SWIFT_ACTIVE_COMPILATION_CONDITIONS = DEBUG;
				SWIFT_OPTIMIZATION_LEVEL = "-Onone";
			};
			name = Debug;
		};
		AA36B7C725F16C15007C3F23 /* Release */ = {
			isa = XCBuildConfiguration;
			buildSettings = {
				ALWAYS_SEARCH_USER_PATHS = NO;
				CLANG_ANALYZER_NONNULL = YES;
				CLANG_ANALYZER_NUMBER_OBJECT_CONVERSION = YES_AGGRESSIVE;
				CLANG_CXX_LANGUAGE_STANDARD = "gnu++14";
				CLANG_CXX_LIBRARY = "libc++";
				CLANG_ENABLE_MODULES = YES;
				CLANG_ENABLE_OBJC_ARC = YES;
				CLANG_ENABLE_OBJC_WEAK = YES;
				CLANG_WARN_BLOCK_CAPTURE_AUTORELEASING = YES;
				CLANG_WARN_BOOL_CONVERSION = YES;
				CLANG_WARN_COMMA = YES;
				CLANG_WARN_CONSTANT_CONVERSION = YES;
				CLANG_WARN_DEPRECATED_OBJC_IMPLEMENTATIONS = YES;
				CLANG_WARN_DIRECT_OBJC_ISA_USAGE = YES_ERROR;
				CLANG_WARN_DOCUMENTATION_COMMENTS = YES;
				CLANG_WARN_EMPTY_BODY = YES;
				CLANG_WARN_ENUM_CONVERSION = YES;
				CLANG_WARN_INFINITE_RECURSION = YES;
				CLANG_WARN_INT_CONVERSION = YES;
				CLANG_WARN_NON_LITERAL_NULL_CONVERSION = YES;
				CLANG_WARN_OBJC_IMPLICIT_RETAIN_SELF = YES;
				CLANG_WARN_OBJC_LITERAL_CONVERSION = YES;
				CLANG_WARN_OBJC_ROOT_CLASS = YES_ERROR;
				CLANG_WARN_QUOTED_INCLUDE_IN_FRAMEWORK_HEADER = YES;
				CLANG_WARN_RANGE_LOOP_ANALYSIS = YES;
				CLANG_WARN_STRICT_PROTOTYPES = YES;
				CLANG_WARN_SUSPICIOUS_MOVE = YES;
				CLANG_WARN_UNGUARDED_AVAILABILITY = YES_AGGRESSIVE;
				CLANG_WARN_UNREACHABLE_CODE = YES;
				CLANG_WARN__DUPLICATE_METHOD_MATCH = YES;
				COPY_PHASE_STRIP = NO;
				DEBUG_INFORMATION_FORMAT = "dwarf-with-dsym";
				ENABLE_NS_ASSERTIONS = NO;
				ENABLE_STRICT_OBJC_MSGSEND = YES;
				GCC_C_LANGUAGE_STANDARD = gnu11;
				GCC_NO_COMMON_BLOCKS = YES;
				GCC_WARN_64_TO_32_BIT_CONVERSION = YES;
				GCC_WARN_ABOUT_RETURN_TYPE = YES_ERROR;
				GCC_WARN_UNDECLARED_SELECTOR = YES;
				GCC_WARN_UNINITIALIZED_AUTOS = YES_AGGRESSIVE;
				GCC_WARN_UNUSED_FUNCTION = YES;
				GCC_WARN_UNUSED_VARIABLE = YES;
				IPHONEOS_DEPLOYMENT_TARGET = 13.0;
				MTL_ENABLE_DEBUG_INFO = NO;
				MTL_FAST_MATH = YES;
				SDKROOT = iphoneos;
				SWIFT_COMPILATION_MODE = wholemodule;
				SWIFT_OPTIMIZATION_LEVEL = "-O";
				VALIDATE_PRODUCT = YES;
			};
			name = Release;
		};
		AA36B7C925F16C15007C3F23 /* Debug */ = {
			isa = XCBuildConfiguration;
			baseConfigurationReference = B3FF60C3B0A41967FDC0D12F /* Pods-SampleApp.debug.xcconfig */;
			buildSettings = {
				ASSETCATALOG_COMPILER_APPICON_NAME = AppIcon;
				ASSETCATALOG_COMPILER_GLOBAL_ACCENT_COLOR_NAME = AccentColor;
				CODE_SIGN_STYLE = Automatic;
				INFOPLIST_FILE = SampleApp/Info.plist;
				LD_RUNPATH_SEARCH_PATHS = (
					"$(inherited)",
					"@executable_path/Frameworks",
				);
				PRODUCT_BUNDLE_IDENTIFIER = com.iut.sampple.SampleApp;
				PRODUCT_NAME = "$(TARGET_NAME)";
				SWIFT_VERSION = 5.0;
				TARGETED_DEVICE_FAMILY = "1,2";
			};
			name = Debug;
		};
		AA36B7CA25F16C15007C3F23 /* Release */ = {
			isa = XCBuildConfiguration;
			baseConfigurationReference = 7BD25BB25CF1D43BA1F62324 /* Pods-SampleApp.release.xcconfig */;
			buildSettings = {
				ASSETCATALOG_COMPILER_APPICON_NAME = AppIcon;
				ASSETCATALOG_COMPILER_GLOBAL_ACCENT_COLOR_NAME = AccentColor;
				CODE_SIGN_STYLE = Automatic;
				INFOPLIST_FILE = SampleApp/Info.plist;
				LD_RUNPATH_SEARCH_PATHS = (
					"$(inherited)",
					"@executable_path/Frameworks",
				);
				PRODUCT_BUNDLE_IDENTIFIER = com.iut.sampple.SampleApp;
				PRODUCT_NAME = "$(TARGET_NAME)";
				SWIFT_VERSION = 5.0;
				TARGETED_DEVICE_FAMILY = "1,2";
			};
			name = Release;
		};
		AA36B7CC25F16C15007C3F23 /* Debug */ = {
			isa = XCBuildConfiguration;
			baseConfigurationReference = AB9A8A3225FA4F246446336D /* Pods-SampleAppTests.debug.xcconfig */;
			buildSettings = {
				ALWAYS_EMBED_SWIFT_STANDARD_LIBRARIES = YES;
				BUNDLE_LOADER = "$(TEST_HOST)";
				CODE_SIGN_STYLE = Automatic;
				INFOPLIST_FILE = SampleAppTests/Info.plist;
				IPHONEOS_DEPLOYMENT_TARGET = 14.4;
				LD_RUNPATH_SEARCH_PATHS = (
					"$(inherited)",
					"@executable_path/Frameworks",
					"@loader_path/Frameworks",
				);
				PRODUCT_BUNDLE_IDENTIFIER = com.iut.sampple.SampleAppTests;
				PRODUCT_NAME = "$(TARGET_NAME)";
				SWIFT_VERSION = 5.0;
				TARGETED_DEVICE_FAMILY = "1,2";
				TEST_HOST = "$(BUILT_PRODUCTS_DIR)/SampleApp.app/SampleApp";
			};
			name = Debug;
		};
		AA36B7CD25F16C15007C3F23 /* Release */ = {
			isa = XCBuildConfiguration;
			baseConfigurationReference = 579B63957E3C079C30831108 /* Pods-SampleAppTests.release.xcconfig */;
			buildSettings = {
				ALWAYS_EMBED_SWIFT_STANDARD_LIBRARIES = YES;
				BUNDLE_LOADER = "$(TEST_HOST)";
				CODE_SIGN_STYLE = Automatic;
				INFOPLIST_FILE = SampleAppTests/Info.plist;
				IPHONEOS_DEPLOYMENT_TARGET = 14.4;
				LD_RUNPATH_SEARCH_PATHS = (
					"$(inherited)",
					"@executable_path/Frameworks",
					"@loader_path/Frameworks",
				);
				PRODUCT_BUNDLE_IDENTIFIER = com.iut.sampple.SampleAppTests;
				PRODUCT_NAME = "$(TARGET_NAME)";
				SWIFT_VERSION = 5.0;
				TARGETED_DEVICE_FAMILY = "1,2";
				TEST_HOST = "$(BUILT_PRODUCTS_DIR)/SampleApp.app/SampleApp";
			};
			name = Release;
		};
		AA36B7CF25F16C15007C3F23 /* Debug */ = {
			isa = XCBuildConfiguration;
			baseConfigurationReference = 25C856965054A0D6A42232D8 /* Pods-SampleApp-SampleAppUITests.debug.xcconfig */;
			buildSettings = {
				ALWAYS_EMBED_SWIFT_STANDARD_LIBRARIES = YES;
				CODE_SIGN_STYLE = Automatic;
				INFOPLIST_FILE = SampleAppUITests/Info.plist;
				LD_RUNPATH_SEARCH_PATHS = (
					"$(inherited)",
					"@executable_path/Frameworks",
					"@loader_path/Frameworks",
				);
				PRODUCT_BUNDLE_IDENTIFIER = com.iut.sampple.SampleAppUITests;
				PRODUCT_NAME = "$(TARGET_NAME)";
				SWIFT_VERSION = 5.0;
				TARGETED_DEVICE_FAMILY = "1,2";
				TEST_TARGET_NAME = SampleApp;
			};
			name = Debug;
		};
		AA36B7D025F16C15007C3F23 /* Release */ = {
			isa = XCBuildConfiguration;
			baseConfigurationReference = AA49B9943D9E375CA7F69BDA /* Pods-SampleApp-SampleAppUITests.release.xcconfig */;
			buildSettings = {
				ALWAYS_EMBED_SWIFT_STANDARD_LIBRARIES = YES;
				CODE_SIGN_STYLE = Automatic;
				INFOPLIST_FILE = SampleAppUITests/Info.plist;
				LD_RUNPATH_SEARCH_PATHS = (
					"$(inherited)",
					"@executable_path/Frameworks",
					"@loader_path/Frameworks",
				);
				PRODUCT_BUNDLE_IDENTIFIER = com.iut.sampple.SampleAppUITests;
				PRODUCT_NAME = "$(TARGET_NAME)";
				SWIFT_VERSION = 5.0;
				TARGETED_DEVICE_FAMILY = "1,2";
				TEST_TARGET_NAME = SampleApp;
			};
			name = Release;
		};
/* End XCBuildConfiguration section */

/* Begin XCConfigurationList section */
		AA36B79625F16C13007C3F23 /* Build configuration list for PBXProject "SampleApp" */ = {
			isa = XCConfigurationList;
			buildConfigurations = (
				AA36B7C625F16C15007C3F23 /* Debug */,
				AA36B7C725F16C15007C3F23 /* Release */,
			);
			defaultConfigurationIsVisible = 0;
			defaultConfigurationName = Release;
		};
		AA36B7C825F16C15007C3F23 /* Build configuration list for PBXNativeTarget "SampleApp" */ = {
			isa = XCConfigurationList;
			buildConfigurations = (
				AA36B7C925F16C15007C3F23 /* Debug */,
				AA36B7CA25F16C15007C3F23 /* Release */,
			);
			defaultConfigurationIsVisible = 0;
			defaultConfigurationName = Release;
		};
		AA36B7CB25F16C15007C3F23 /* Build configuration list for PBXNativeTarget "SampleAppTests" */ = {
			isa = XCConfigurationList;
			buildConfigurations = (
				AA36B7CC25F16C15007C3F23 /* Debug */,
				AA36B7CD25F16C15007C3F23 /* Release */,
			);
			defaultConfigurationIsVisible = 0;
			defaultConfigurationName = Release;
		};
		AA36B7CE25F16C15007C3F23 /* Build configuration list for PBXNativeTarget "SampleAppUITests" */ = {
			isa = XCConfigurationList;
			buildConfigurations = (
				AA36B7CF25F16C15007C3F23 /* Debug */,
				AA36B7D025F16C15007C3F23 /* Release */,
			);
			defaultConfigurationIsVisible = 0;
			defaultConfigurationName = Release;
		};
/* End XCConfigurationList section */

/* Begin XCVersionGroup section */
		AA36B7A725F16C13007C3F23 /* SampleApp.xcdatamodeld */ = {
			isa = XCVersionGroup;
			children = (
				AA36B7A825F16C13007C3F23 /* SampleApp.xcdatamodel */,
			);
			currentVersion = AA36B7A825F16C13007C3F23 /* SampleApp.xcdatamodel */;
			path = SampleApp.xcdatamodeld;
			sourceTree = "<group>";
			versionGroupType = wrapper.xcdatamodel;
		};
/* End XCVersionGroup section */
	};
	rootObject = AA36B79325F16C13007C3F23 /* Project object */;
}
